<Solution>
  <Folder Name="/src/">
    <Project Path="src/Ticketly.Api/Ticketly.Api.csproj" />
    <Project Path="src/Ticketly.Application/Ticketly.Application.csproj" />
    <Project Path="src/Ticketly.Domain/Ticketly.Domain.csproj" />
    <Project Path="src/Ticketly.Infrastructure/Ticketly.Infrastructure.csproj" />
  </Folder>
  <Folder Name="/tests/">
    <Project Path="tests/Ticketly.Tests/Ticketly.Tests.csproj" />
  </Folder>
</Solution>
